<?xml version="1.0" encoding="utf-8"?>
<Project ToolsVersion="4.0" xmlns="http://schemas.microsoft.com/developer/msbuild/2003">
  <ItemGroup>
    <Filter Include="Resource Files">
      <UniqueIdentifier>{67DA6AB6-F800-4c08-8B7A-83BB121AAD01}</UniqueIdentifier>
      <Extensions>rc;ico;cur;bmp;dlg;rc2;rct;bin;rgs;gif;jpg;jpeg;jpe;resx;tiff;tif;png;wav;mfcribbon-ms</Extensions>
    </Filter>
    <Filter Include="Core">
      <UniqueIdentifier>{b9c61295-879b-43b5-b8a5-3fb27052e06d}</UniqueIdentifier>
    </Filter>
    <Filter Include="Systems">
      <UniqueIdentifier>{fad3780f-45df-4cdf-84d5-457699304c4f}</UniqueIdentifier>
    </Filter>
    <Filter Include="Components">
      <UniqueIdentifier>{b2376121-62b6-4006-863d-77fcfa487265}</UniqueIdentifier>
    </Filter>
    <Filter Include="Graphics">
      <UniqueIdentifier>{b7924839-e07b-4fc0-996e-c6a871472bc4}</UniqueIdentifier>
    </Filter>
    <Filter Include="Managers">
      <UniqueIdentifier>{34a20170-a821-42a3-8263-6d5abb3b1b9e}</UniqueIdentifier>
    </Filter>
  </ItemGroup>
  <ItemGroup>
    <ClCompile Include="BaseSystem.cpp">
      <Filter>Systems</Filter>
    </ClCompile>
    <ClCompile Include="RenderSystem.cpp">
      <Filter>Systems</Filter>
    </ClCompile>
    <ClCompile Include="BaseComponent.cpp">
      <Filter>Components</Filter>
    </ClCompile>
    <ClCompile Include="PhysicsComponent.cpp">
      <Filter>Components</Filter>
    </ClCompile>
    <ClCompile Include="RenderComponent.cpp">
      <Filter>Components</Filter>
    </ClCompile>
    <ClCompile Include="TransformComponent.cpp">
      <Filter>Components</Filter>
    </ClCompile>
    <ClCompile Include="Entity.cpp">
      <Filter>Core</Filter>
    </ClCompile>
    <ClCompile Include="CubeTexture.cpp">
      <Filter>Graphics</Filter>
    </ClCompile>
    <ClCompile Include="Light.cpp">
      <Filter>Graphics</Filter>
    </ClCompile>
    <ClCompile Include="Material.cpp">
      <Filter>Graphics</Filter>
    </ClCompile>
    <ClCompile Include="Mesh.cpp">
      <Filter>Graphics</Filter>
    </ClCompile>
    <ClCompile Include="Model.cpp">
      <Filter>Graphics</Filter>
    </ClCompile>
    <ClCompile Include="Amber.cpp" />
    <ClCompile Include="Globals.cpp" />
    <ClCompile Include="Main.cpp" />
    <ClCompile Include="Utility.cpp" />
    <ClCompile Include="World.cpp" />
    <ClCompile Include="Plane.cpp">
      <Filter>Core</Filter>
    </ClCompile>
    <ClCompile Include="Skybox.cpp">
      <Filter>Graphics</Filter>
    </ClCompile>
    <ClCompile Include="EntityManager.cpp">
      <Filter>Managers</Filter>
    </ClCompile>
    <ClCompile Include="ShaderManager.cpp">
      <Filter>Managers</Filter>
    </ClCompile>
    <ClCompile Include="MeshManager.cpp">
      <Filter>Managers</Filter>
    </ClCompile>
    <ClCompile Include="GameplaySystem.cpp">
      <Filter>Systems</Filter>
    </ClCompile>
    <ClCompile Include="Sphere.cpp">
      <Filter>Core</Filter>
    </ClCompile>
    <ClCompile Include="Triangle.cpp">
      <Filter>Core</Filter>
    </ClCompile>
    <ClCompile Include="SoundSystem.cpp">
      <Filter>Systems</Filter>
    </ClCompile>
    <ClCompile Include="Quaternion.cpp">
      <Filter>Core</Filter>
    </ClCompile>
    <ClCompile Include="Camera.cpp">
      <Filter>Graphics</Filter>
    </ClCompile>
    <ClCompile Include="TextureManager.cpp">
      <Filter>Managers</Filter>
    </ClCompile>
    <ClCompile Include="Texture.cpp">
      <Filter>Graphics</Filter>
    </ClCompile>
    <ClCompile Include="RenderTexture.cpp">
      <Filter>Graphics</Filter>
    </ClCompile>
  </ItemGroup>
  <ItemGroup>
    <ClInclude Include="Entity.h">
      <Filter>Core</Filter>
    </ClInclude>
    <ClInclude Include="Matrix.h">
      <Filter>Core</Filter>
    </ClInclude>
    <ClInclude Include="Ray.h">
      <Filter>Core</Filter>
    </ClInclude>
    <ClInclude Include="Vector.h">
      <Filter>Core</Filter>
    </ClInclude>
    <ClInclude Include="RenderSystem.h">
      <Filter>Systems</Filter>
    </ClInclude>
    <ClInclude Include="BaseSystem.h">
      <Filter>Systems</Filter>
    </ClInclude>
    <ClInclude Include="BaseComponent.h">
      <Filter>Components</Filter>
    </ClInclude>
    <ClInclude Include="PhysicsComponent.h">
      <Filter>Components</Filter>
    </ClInclude>
    <ClInclude Include="RenderComponent.h">
      <Filter>Components</Filter>
    </ClInclude>
    <ClInclude Include="TransformComponent.h">
      <Filter>Components</Filter>
    </ClInclude>
    <ClInclude Include="CubeTexture.h">
      <Filter>Graphics</Filter>
    </ClInclude>
    <ClInclude Include="Light.h">
      <Filter>Graphics</Filter>
    </ClInclude>
    <ClInclude Include="Material.h">
      <Filter>Graphics</Filter>
    </ClInclude>
    <ClInclude Include="Mesh.h">
      <Filter>Graphics</Filter>
    </ClInclude>
    <ClInclude Include="Model.h">
      <Filter>Graphics</Filter>
    </ClInclude>
    <ClInclude Include="Amber.h" />
    <ClInclude Include="Globals.h" />
    <ClInclude Include="Utility.h" />
    <ClInclude Include="World.h" />
    <ClInclude Include="Plane.h">
      <Filter>Core</Filter>
    </ClInclude>
    <ClInclude Include="Skybox.h">
      <Filter>Graphics</Filter>
    </ClInclude>
    <ClInclude Include="NonCopyable.h">
      <Filter>Core</Filter>
    </ClInclude>
    <ClInclude Include="EntityManager.h">
      <Filter>Managers</Filter>
    </ClInclude>
    <ClInclude Include="ShaderManager.h">
      <Filter>Managers</Filter>
    </ClInclude>
    <ClInclude Include="MeshManager.h">
      <Filter>Managers</Filter>
    </ClInclude>
    <ClInclude Include="GameplaySystem.h">
      <Filter>Systems</Filter>
    </ClInclude>
    <ClInclude Include="Sphere.h">
      <Filter>Core</Filter>
    </ClInclude>
    <ClInclude Include="Triangle.h">
      <Filter>Core</Filter>
    </ClInclude>
    <ClInclude Include="SoundSystem.h">
      <Filter>Systems</Filter>
    </ClInclude>
    <ClInclude Include="Quaternion.h">
      <Filter>Core</Filter>
    </ClInclude>
    <ClInclude Include="Camera.h">
      <Filter>Graphics</Filter>
    </ClInclude>
    <ClInclude Include="TextureManager.h">
      <Filter>Managers</Filter>
    </ClInclude>
    <ClInclude Include="Texture.h">
      <Filter>Graphics</Filter>
    </ClInclude>
    <ClInclude Include="RenderTexture.h">
      <Filter>Graphics</Filter>
    </ClInclude>
  </ItemGroup>
  <ItemGroup>
    <None Include="..\Resources\Shaders\irradianceConvolution.glsl">
      <Filter>Resource Files</Filter>
    </None>
    <None Include="..\Resources\Shaders\skybox.frag">
      <Filter>Resource Files</Filter>
    </None>
    <None Include="..\Resources\Shaders\skybox.vert">
      <Filter>Resource Files</Filter>
    </None>
    <None Include="..\Resources\Shaders\pbr.frag">
      <Filter>Resource Files</Filter>
    </None>
    <None Include="..\Resources\Shaders\pbr.vert">
      <Filter>Resource Files</Filter>
    </None>
    <None Include="..\Resources\Shaders\default.frag">
      <Filter>Resource Files</Filter>
    </None>
    <None Include="..\Resources\Shaders\default.vert">
      <Filter>Resource Files</Filter>
    </None>
    <None Include="Matrix.inl">
      <Filter>Core</Filter>
    </None>
    <None Include="Ray.inl">
      <Filter>Core</Filter>
    </None>
    <None Include="Vector.inl">
      <Filter>Core</Filter>
    </None>
    <None Include="..\Resources\Shaders\font.frag">
      <Filter>Resource Files</Filter>
    </None>
    <None Include="..\Resources\Shaders\font.vert">
      <Filter>Resource Files</Filter>
    </None>
    <None Include="..\Resources\Shaders\renderTexture.frag">
      <Filter>Resource Files</Filter>
    </None>
    <None Include="..\Resources\Shaders\renderTexture.vert">
      <Filter>Resource Files</Filter>
    </None>
  </ItemGroup>
</Project>